
Microsoft Visual Studio Solution File, Format Version 12.00
# Visual Studio Version 17
VisualStudioVersion = 17.6.33723.286
MinimumVisualStudioVersion = 10.0.40219.1
Project("{9A19103F-16F7-4668-BE54-9A1E7A4F7556}") = "Model", "Model\Model.csproj", "{F43D8F56-A251-4041-B6A2-E7ED6071E19C}"
EndProject
Project("{9A19103F-16F7-4668-BE54-9A1E7A4F7556}") = "Structure", "Structure\Structure.csproj", "{4153BCCF-3DC6-4CDC-99B9-863436E06AEA}"
EndProject
Project("{9A19103F-16F7-4668-BE54-9A1E7A4F7556}") = "Tests", "Tests\Tests.csproj", "{8CBFEF59-3AE3-4D80-9B26-B0EAE7A3C61A}"
EndProject
Global
	GlobalSection(SolutionConfigurationPlatforms) = preSolution
		Debug|Any CPU = Debug|Any CPU
		Release|Any CPU = Release|Any CPU
	EndGlobalSection
	GlobalSection(ProjectConfigurationPlatforms) = postSolution
		{F43D8F56-A251-4041-B6A2-E7ED6071E19C}.Debug|Any CPU.ActiveCfg = Debug|Any CPU
		{F43D8F56-A251-4041-B6A2-E7ED6071E19C}.Debug|Any CPU.Build.0 = Debug|Any CPU
		{F43D8F56-A251-4041-B6A2-E7ED6071E19C}.Release|Any CPU.ActiveCfg = Release|Any CPU
		{F43D8F56-A251-4041-B6A2-E7ED6071E19C}.Release|Any CPU.Build.0 = Release|Any CPU
		{4153BCCF-3DC6-4CDC-99B9-863436E06AEA}.Debug|Any CPU.ActiveCfg = Debug|Any CPU
		{4153BCCF-3DC6-4CDC-99B9-863436E06AEA}.Debug|Any CPU.Build.0 = Debug|Any CPU
		{4153BCCF-3DC6-4CDC-99B9-863436E06AEA}.Release|Any CPU.ActiveCfg = Release|Any CPU
		{4153BCCF-3DC6-4CDC-99B9-863436E06AEA}.Release|Any CPU.Build.0 = Release|Any CPU
		{8CBFEF59-3AE3-4D80-9B26-B0EAE7A3C61A}.Debug|Any CPU.ActiveCfg = Debug|Any CPU
		{8CBFEF59-3AE3-4D80-9B26-B0EAE7A3C61A}.Debug|Any CPU.Build.0 = Debug|Any CPU
		{8CBFEF59-3AE3-4D80-9B26-B0EAE7A3C61A}.Release|Any CPU.ActiveCfg = Release|Any CPU
		{8CBFEF59-3AE3-4D80-9B26-B0EAE7A3C61A}.Release|Any CPU.Build.0 = Release|Any CPU
	EndGlobalSection
	GlobalSection(SolutionProperties) = preSolution
		HideSolutionNode = FALSE
	EndGlobalSection
	GlobalSection(ExtensibilityGlobals) = postSolution
		SolutionGuid = {60A29C5A-4079-40C8-8D30-C418513051BE}
	EndGlobalSection
EndGlobal
